
Microsoft Visual Studio Solution File, Format Version 12.00
# Visual Studio 2012
Project("{FAE04EC0-301F-11D3-BF4B-00C04F79EFBC}") = "AntiSwitch", "AntiSwitch\AntiSwitch.csproj", "{C67D9D91-E437-4A6F-8037-B6069DF95968}"
EndProject
Global
	GlobalSection(SolutionConfigurationPlatforms) = preSolution
		Debug|x86 = Debug|x86
		Release|x86 = Release|x86
	EndGlobalSection
	GlobalSection(ProjectConfigurationPlatforms) = postSolution
		{C67D9D91-E437-4A6F-8037-B6069DF95968}.Debug|x86.ActiveCfg = Debug|x86
		{C67D9D91-E437-4A6F-8037-B6069DF95968}.Debug|x86.Build.0 = Debug|x86
		{C67D9D91-E437-4A6F-8037-B6069DF95968}.Release|x86.ActiveCfg = Release|x86
		{C67D9D91-E437-4A6F-8037-B6069DF95968}.Release|x86.Build.0 = Release|x86
	EndGlobalSection
EndGlobal
